// !$*UTF8*$!
{
	archiveVersion = 1;
	classes = {
	};
	objectVersion = 50;
	objects = {

/* Begin PBXBuildFile section */
		3512EB79230EC1D100FC9C94 /* DYSwitchFilter.m in Sources */ = {isa = PBXBuildFile; fileRef = 3512EB78230EC1D100FC9C94 /* DYSwitchFilter.m */; };
		357B51BD22E5DA240096BCB6 /* AppDelegate.m in Sources */ = {isa = PBXBuildFile; fileRef = 357B51BC22E5DA240096BCB6 /* AppDelegate.m */; };
		357B51C022E5DA240096BCB6 /* ViewController.m in Sources */ = {isa = PBXBuildFile; fileRef = 357B51BF22E5DA240096BCB6 /* ViewController.m */; };
		357B51C322E5DA240096BCB6 /* Main.storyboard in Resources */ = {isa = PBXBuildFile; fileRef = 357B51C122E5DA240096BCB6 /* Main.storyboard */; };
		357B51C522E5DA240096BCB6 /* Assets.xcassets in Resources */ = {isa = PBXBuildFile; fileRef = 357B51C422E5DA240096BCB6 /* Assets.xcassets */; };
		357B51C822E5DA240096BCB6 /* LaunchScreen.storyboard in Resources */ = {isa = PBXBuildFile; fileRef = 357B51C622E5DA240096BCB6 /* LaunchScreen.storyboard */; };
		357B51CB22E5DA240096BCB6 /* main.m in Sources */ = {isa = PBXBuildFile; fileRef = 357B51CA22E5DA240096BCB6 /* main.m */; };
		357B51D522E5DA240096BCB6 /* myLookupTableTestTests.m in Sources */ = {isa = PBXBuildFile; fileRef = 357B51D422E5DA240096BCB6 /* myLookupTableTestTests.m */; };
		357B51E022E5DA240096BCB6 /* myLookupTableTestUITests.m in Sources */ = {isa = PBXBuildFile; fileRef = 357B51DF22E5DA240096BCB6 /* myLookupTableTestUITests.m */; };
		357B51EE22E5DBB90096BCB6 /* 155131625201709141958art38978 in Resources */ = {isa = PBXBuildFile; fileRef = 357B51ED22E5DBB90096BCB6 /* 155131625201709141958art38978 */; };
		CE587C9FC7DE5E681A9974EE /* libPods-myLookupTableTest.a in Frameworks */ = {isa = PBXBuildFile; fileRef = DB636B2B27454782ED4398D0 /* libPods-myLookupTableTest.a */; };
/* End PBXBuildFile section */

/* Begin PBXContainerItemProxy section */
		357B51D122E5DA240096BCB6 /* PBXContainerItemProxy */ = {
			isa = PBXContainerItemProxy;
			containerPortal = 357B51B022E5DA240096BCB6 /* Project object */;
			proxyType = 1;
			remoteGlobalIDString = 357B51B722E5DA240096BCB6;
			remoteInfo = myLookupTableTest;
		};
		357B51DC22E5DA240096BCB6 /* PBXContainerItemProxy */ = {
			isa = PBXContainerItemProxy;
			containerPortal = 357B51B022E5DA240096BCB6 /* Project object */;
			proxyType = 1;
			remoteGlobalIDString = 357B51B722E5DA240096BCB6;
			remoteInfo = myLookupTableTest;
		};
/* End PBXContainerItemProxy section */

/* Begin PBXFileReference section */
		3512EB77230EC1D000FC9C94 /* DYSwitchFilter.h */ = {isa = PBXFileReference; lastKnownFileType = sourcecode.c.h; path = DYSwitchFilter.h; sourceTree = "<group>"; };
		3512EB78230EC1D100FC9C94 /* DYSwitchFilter.m */ = {isa = PBXFileReference; lastKnownFileType = sourcecode.c.objc; path = DYSwitchFilter.m; sourceTree = "<group>"; };
		357B51B822E5DA240096BCB6 /* myLookupTableTest.app */ = {isa = PBXFileReference; explicitFileType = wrapper.application; includeInIndex = 0; path = myLookupTableTest.app; sourceTree = BUILT_PRODUCTS_DIR; };
		357B51BC22E5DA240096BCB6 /* AppDelegate.m */ = {isa = PBXFileReference; lastKnownFileType = sourcecode.c.objc; path = AppDelegate.m; sourceTree = "<group>"; };
		357B51BE22E5DA240096BCB6 /* ViewController.h */ = {isa = PBXFileReference; lastKnownFileType = sourcecode.c.h; path = ViewController.h; sourceTree = "<group>"; };
		357B51BF22E5DA240096BCB6 /* ViewController.m */ = {isa = PBXFileReference; lastKnownFileType = sourcecode.c.objc; path = ViewController.m; sourceTree = "<group>"; };
		357B51C222E5DA240096BCB6 /* Base */ = {isa = PBXFileReference; lastKnownFileType = file.storyboard; name = Base; path = Base.lproj/Main.storyboard; sourceTree = "<group>"; };
		357B51C422E5DA240096BCB6 /* Assets.xcassets */ = {isa = PBXFileReference; lastKnownFileType = folder.assetcatalog; path = Assets.xcassets; sourceTree = "<group>"; };
		357B51C722E5DA240096BCB6 /* Base */ = {isa = PBXFileReference; lastKnownFileType = file.storyboard; name = Base; path = Base.lproj/LaunchScreen.storyboard; sourceTree = "<group>"; };
		357B51C922E5DA240096BCB6 /* Info.plist */ = {isa = PBXFileReference; lastKnownFileType = text.plist.xml; path = Info.plist; sourceTree = "<group>"; };
		357B51CA22E5DA240096BCB6 /* main.m */ = {isa = PBXFileReference; lastKnownFileType = sourcecode.c.objc; path = main.m; sourceTree = "<group>"; };
		357B51D022E5DA240096BCB6 /* myLookupTableTestTests.xctest */ = {isa = PBXFileReference; explicitFileType = wrapper.cfbundle; includeInIndex = 0; path = myLookupTableTestTests.xctest; sourceTree = BUILT_PRODUCTS_DIR; };
		357B51D422E5DA240096BCB6 /* myLookupTableTestTests.m */ = {isa = PBXFileReference; lastKnownFileType = sourcecode.c.objc; path = myLookupTableTestTests.m; sourceTree = "<group>"; };
		357B51D622E5DA240096BCB6 /* Info.plist */ = {isa = PBXFileReference; lastKnownFileType = text.plist.xml; path = Info.plist; sourceTree = "<group>"; };
		357B51DB22E5DA240096BCB6 /* myLookupTableTestUITests.xctest */ = {isa = PBXFileReference; explicitFileType = wrapper.cfbundle; includeInIndex = 0; path = myLookupTableTestUITests.xctest; sourceTree = BUILT_PRODUCTS_DIR; };
		357B51DF22E5DA240096BCB6 /* myLookupTableTestUITests.m */ = {isa = PBXFileReference; lastKnownFileType = sourcecode.c.objc; path = myLookupTableTestUITests.m; sourceTree = "<group>"; };
		357B51E122E5DA240096BCB6 /* Info.plist */ = {isa = PBXFileReference; lastKnownFileType = text.plist.xml; path = Info.plist; sourceTree = "<group>"; };
		357B51ED22E5DBB90096BCB6 /* 155131625201709141958art38978 */ = {isa = PBXFileReference; lastKnownFileType = folder; path = 155131625201709141958art38978; sourceTree = "<group>"; };
		5FDEDC54231ACBCB00CAFE84 /* 2333.md */ = {isa = PBXFileReference; lastKnownFileType = net.daringfireball.markdown; path = 2333.md; sourceTree = "<group>"; };
		687C2D6ED7E01FA8F5DF3E20 /* Pods-myLookupTableTest.debug.xcconfig */ = {isa = PBXFileReference; includeInIndex = 1; lastKnownFileType = text.xcconfig; name = "Pods-myLookupTableTest.debug.xcconfig"; path = "Target Support Files/Pods-myLookupTableTest/Pods-myLookupTableTest.debug.xcconfig"; sourceTree = "<group>"; };
		DB636B2B27454782ED4398D0 /* libPods-myLookupTableTest.a */ = {isa = PBXFileReference; explicitFileType = archive.ar; includeInIndex = 0; path = "libPods-myLookupTableTest.a"; sourceTree = BUILT_PRODUCTS_DIR; };
		E1A7F57B6792D0E42AAAD452 /* Pods-myLookupTableTest.release.xcconfig */ = {isa = PBXFileReference; includeInIndex = 1; lastKnownFileType = text.xcconfig; name = "Pods-myLookupTableTest.release.xcconfig"; path = "Target Support Files/Pods-myLookupTableTest/Pods-myLookupTableTest.release.xcconfig"; sourceTree = "<group>"; };
/* End PBXFileReference section */

/* Begin PBXFrameworksBuildPhase section */
		357B51B522E5DA240096BCB6 /* Frameworks */ = {
			isa = PBXFrameworksBuildPhase;
			buildActionMask = 2147483647;
			files = (
				CE587C9FC7DE5E681A9974EE /* libPods-myLookupTableTest.a in Frameworks */,
			);
			runOnlyForDeploymentPostprocessing = 0;
		};
		357B51CD22E5DA240096BCB6 /* Frameworks */ = {
			isa = PBXFrameworksBuildPhase;
			buildActionMask = 2147483647;
			files = (
			);
			runOnlyForDeploymentPostprocessing = 0;
		};
		357B51D822E5DA240096BCB6 /* Frameworks */ = {
			isa = PBXFrameworksBuildPhase;
			buildActionMask = 2147483647;
			files = (
			);
			runOnlyForDeploymentPostprocessing = 0;
		};
/* End PBXFrameworksBuildPhase section */

/* Begin PBXGroup section */
		357B51AF22E5DA240096BCB6 = {
			isa = PBXGroup;
			children = (
				357B51BA22E5DA240096BCB6 /* myLookupTableTest */,
				357B51D322E5DA240096BCB6 /* myLookupTableTestTests */,
				357B51DE22E5DA240096BCB6 /* myLookupTableTestUITests */,
				357B51B922E5DA240096BCB6 /* Products */,
				6F5290C1B462D9109D803813 /* Pods */,
				F7D03DF9225509C163E534C3 /* Frameworks */,
			);
			sourceTree = "<group>";
		};
		357B51B922E5DA240096BCB6 /* Products */ = {
			isa = PBXGroup;
			children = (
				357B51B822E5DA240096BCB6 /* myLookupTableTest.app */,
				357B51D022E5DA240096BCB6 /* myLookupTableTestTests.xctest */,
				357B51DB22E5DA240096BCB6 /* myLookupTableTestUITests.xctest */,
			);
			name = Products;
			sourceTree = "<group>";
		};
		357B51BA22E5DA240096BCB6 /* myLookupTableTest */ = {
			isa = PBXGroup;
			children = (
				357B51ED22E5DBB90096BCB6 /* 155131625201709141958art38978 */,
				5FDEDC54231ACBCB00CAFE84 /* 2333.md */,
				357B51BC22E5DA240096BCB6 /* AppDelegate.m */,
				357B51BE22E5DA240096BCB6 /* ViewController.h */,
				357B51BF22E5DA240096BCB6 /* ViewController.m */,
				357B51C122E5DA240096BCB6 /* Main.storyboard */,
				357B51C422E5DA240096BCB6 /* Assets.xcassets */,
				357B51C622E5DA240096BCB6 /* LaunchScreen.storyboard */,
				357B51C922E5DA240096BCB6 /* Info.plist */,
				357B51CA22E5DA240096BCB6 /* main.m */,
				3512EB77230EC1D000FC9C94 /* DYSwitchFilter.h */,
				3512EB78230EC1D100FC9C94 /* DYSwitchFilter.m */,
			);
			path = myLookupTableTest;
			sourceTree = "<group>";
		};
		357B51D322E5DA240096BCB6 /* myLookupTableTestTests */ = {
			isa = PBXGroup;
			children = (
				357B51D422E5DA240096BCB6 /* myLookupTableTestTests.m */,
				357B51D622E5DA240096BCB6 /* Info.plist */,
			);
			path = myLookupTableTestTests;
			sourceTree = "<group>";
		};
		357B51DE22E5DA240096BCB6 /* myLookupTableTestUITests */ = {
			isa = PBXGroup;
			children = (
				357B51DF22E5DA240096BCB6 /* myLookupTableTestUITests.m */,
				357B51E122E5DA240096BCB6 /* Info.plist */,
			);
			path = myLookupTableTestUITests;
			sourceTree = "<group>";
		};
		6F5290C1B462D9109D803813 /* Pods */ = {
			isa = PBXGroup;
			children = (
				687C2D6ED7E01FA8F5DF3E20 /* Pods-myLookupTableTest.debug.xcconfig */,
				E1A7F57B6792D0E42AAAD452 /* Pods-myLookupTableTest.release.xcconfig */,
			);
			path = Pods;
			sourceTree = "<group>";
		};
		F7D03DF9225509C163E534C3 /* Frameworks */ = {
			isa = PBXGroup;
			children = (
				DB636B2B27454782ED4398D0 /* libPods-myLookupTableTest.a */,
			);
			name = Frameworks;
			sourceTree = "<group>";
		};
/* End PBXGroup section */

/* Begin PBXNativeTarget section */
		357B51B722E5DA240096BCB6 /* myLookupTableTest */ = {
			isa = PBXNativeTarget;
			buildConfigurationList = 357B51E422E5DA240096BCB6 /* Build configuration list for PBXNativeTarget "myLookupTableTest" */;
			buildPhases = (
				8F7C1F2740C27C7ED867774C /* [CP] Check Pods Manifest.lock */,
				357B51B422E5DA240096BCB6 /* Sources */,
				357B51B522E5DA240096BCB6 /* Frameworks */,
				357B51B622E5DA240096BCB6 /* Resources */,
				B08C2E811147F18217812BB0 /* [CP] Copy Pods Resources */,
			);
			buildRules = (
			);
			dependencies = (
			);
			name = myLookupTableTest;
			productName = myLookupTableTest;
			productReference = 357B51B822E5DA240096BCB6 /* myLookupTableTest.app */;
			productType = "com.apple.product-type.application";
		};
		357B51CF22E5DA240096BCB6 /* myLookupTableTestTests */ = {
			isa = PBXNativeTarget;
			buildConfigurationList = 357B51E722E5DA240096BCB6 /* Build configuration list for PBXNativeTarget "myLookupTableTestTests" */;
			buildPhases = (
				357B51CC22E5DA240096BCB6 /* Sources */,
				357B51CD22E5DA240096BCB6 /* Frameworks */,
				357B51CE22E5DA240096BCB6 /* Resources */,
			);
			buildRules = (
			);
			dependencies = (
				357B51D222E5DA240096BCB6 /* PBXTargetDependency */,
			);
			name = myLookupTableTestTests;
			productName = myLookupTableTestTests;
			productReference = 357B51D022E5DA240096BCB6 /* myLookupTableTestTests.xctest */;
			productType = "com.apple.product-type.bundle.unit-test";
		};
		357B51DA22E5DA240096BCB6 /* myLookupTableTestUITests */ = {
			isa = PBXNativeTarget;
			buildConfigurationList = 357B51EA22E5DA240096BCB6 /* Build configuration list for PBXNativeTarget "myLookupTableTestUITests" */;
			buildPhases = (
				357B51D722E5DA240096BCB6 /* Sources */,
				357B51D822E5DA240096BCB6 /* Frameworks */,
				357B51D922E5DA240096BCB6 /* Resources */,
			);
			buildRules = (
			);
			dependencies = (
				357B51DD22E5DA240096BCB6 /* PBXTargetDependency */,
			);
			name = myLookupTableTestUITests;
			productName = myLookupTableTestUITests;
			productReference = 357B51DB22E5DA240096BCB6 /* myLookupTableTestUITests.xctest */;
			productType = "com.apple.product-type.bundle.ui-testing";
		};
/* End PBXNativeTarget section */

/* Begin PBXProject section */
		357B51B022E5DA240096BCB6 /* Project object */ = {
			isa = PBXProject;
			attributes = {
				LastUpgradeCheck = 1010;
				ORGANIZATIONNAME = duoyi;
				TargetAttributes = {
					357B51B722E5DA240096BCB6 = {
						CreatedOnToolsVersion = 10.1;
					};
					357B51CF22E5DA240096BCB6 = {
						CreatedOnToolsVersion = 10.1;
						TestTargetID = 357B51B722E5DA240096BCB6;
					};
					357B51DA22E5DA240096BCB6 = {
						CreatedOnToolsVersion = 10.1;
						TestTargetID = 357B51B722E5DA240096BCB6;
					};
				};
			};
			buildConfigurationList = 357B51B322E5DA240096BCB6 /* Build configuration list for PBXProject "myLookupTableTest" */;
			compatibilityVersion = "Xcode 9.3";
			developmentRegion = en;
			hasScannedForEncodings = 0;
			knownRegions = (
				en,
				Base,
			);
			mainGroup = 357B51AF22E5DA240096BCB6;
			productRefGroup = 357B51B922E5DA240096BCB6 /* Products */;
			projectDirPath = "";
			projectRoot = "";
			targets = (
				357B51B722E5DA240096BCB6 /* myLookupTableTest */,
				357B51CF22E5DA240096BCB6 /* myLookupTableTestTests */,
				357B51DA22E5DA240096BCB6 /* myLookupTableTestUITests */,
			);
		};
/* End PBXProject section */

/* Begin PBXResourcesBuildPhase section */
		357B51B622E5DA240096BCB6 /* Resources */ = {
			isa = PBXResourcesBuildPhase;
			buildActionMask = 2147483647;
			files = (
				357B51C822E5DA240096BCB6 /* LaunchScreen.storyboard in Resources */,
				357B51C522E5DA240096BCB6 /* Assets.xcassets in Resources */,
				357B51C322E5DA240096BCB6 /* Main.storyboard in Resources */,
				357B51EE22E5DBB90096BCB6 /* 155131625201709141958art38978 in Resources */,
			);
			runOnlyForDeploymentPostprocessing = 0;
		};
		357B51CE22E5DA240096BCB6 /* Resources */ = {
			isa = PBXResourcesBuildPhase;
			buildActionMask = 2147483647;
			files = (
			);
			runOnlyForDeploymentPostprocessing = 0;
		};
		357B51D922E5DA240096BCB6 /* Resources */ = {
			isa = PBXResourcesBuildPhase;
			buildActionMask = 2147483647;
			files = (
			);
			runOnlyForDeploymentPostprocessing = 0;
		};
/* End PBXResourcesBuildPhase section */

/* Begin PBXShellScriptBuildPhase section */
		8F7C1F2740C27C7ED867774C /* [CP] Check Pods Manifest.lock */ = {
			isa = PBXShellScriptBuildPhase;
			buildActionMask = 2147483647;
			files = (
			);
			inputFileListPaths = (
			);
			inputPaths = (
				"${PODS_PODFILE_DIR_PATH}/Podfile.lock",
				"${PODS_ROOT}/Manifest.lock",
			);
			name = "[CP] Check Pods Manifest.lock";
			outputFileListPaths = (
			);
			outputPaths = (
				"$(DERIVED_FILE_DIR)/Pods-myLookupTableTest-checkManifestLockResult.txt",
			);
			runOnlyForDeploymentPostprocessing = 0;
			shellPath = /bin/sh;
			shellScript = "diff \"${PODS_PODFILE_DIR_PATH}/Podfile.lock\" \"${PODS_ROOT}/Manifest.lock\" > /dev/null\nif [ $? != 0 ] ; then\n    # print error to STDERR\n    echo \"error: The sandbox is not in sync with the Podfile.lock. Run 'pod install' or update your CocoaPods installation.\" >&2\n    exit 1\nfi\n# This output is used by Xcode 'outputs' to avoid re-running this script phase.\necho \"SUCCESS\" > \"${SCRIPT_OUTPUT_FILE_0}\"\n";
			showEnvVarsInLog = 0;
		};
		B08C2E811147F18217812BB0 /* [CP] Copy Pods Resources */ = {
			isa = PBXShellScriptBuildPhase;
			buildActionMask = 2147483647;
			files = (
			);
			inputFileListPaths = (
			);
			inputPaths = (
				"${PODS_ROOT}/Target Support Files/Pods-myLookupTableTest/Pods-myLookupTableTest-resources.sh",
				"${PODS_ROOT}/GPUImage/framework/Resources/lookup.png",
				"${PODS_ROOT}/GPUImage/framework/Resources/lookup_amatorka.png",
				"${PODS_ROOT}/GPUImage/framework/Resources/lookup_miss_etikate.png",
				"${PODS_ROOT}/GPUImage/framework/Resources/lookup_soft_elegance_1.png",
				"${PODS_ROOT}/GPUImage/framework/Resources/lookup_soft_elegance_2.png",
			);
			name = "[CP] Copy Pods Resources";
			outputFileListPaths = (
			);
			outputPaths = (
				"${TARGET_BUILD_DIR}/${UNLOCALIZED_RESOURCES_FOLDER_PATH}/lookup.png",
				"${TARGET_BUILD_DIR}/${UNLOCALIZED_RESOURCES_FOLDER_PATH}/lookup_amatorka.png",
				"${TARGET_BUILD_DIR}/${UNLOCALIZED_RESOURCES_FOLDER_PATH}/lookup_miss_etikate.png",
				"${TARGET_BUILD_DIR}/${UNLOCALIZED_RESOURCES_FOLDER_PATH}/lookup_soft_elegance_1.png",
				"${TARGET_BUILD_DIR}/${UNLOCALIZED_RESOURCES_FOLDER_PATH}/lookup_soft_elegance_2.png",
			);
			runOnlyForDeploymentPostprocessing = 0;
			shellPath = /bin/sh;
			shellScript = "\"${PODS_ROOT}/Target Support Files/Pods-myLookupTableTest/Pods-myLookupTableTest-resources.sh\"\n";
			showEnvVarsInLog = 0;
		};
/* End PBXShellScriptBuildPhase section */

/* Begin PBXSourcesBuildPhase section */
		357B51B422E5DA240096BCB6 /* Sources */ = {
			isa = PBXSourcesBuildPhase;
			buildActionMask = 2147483647;
			files = (
				3512EB79230EC1D100FC9C94 /* DYSwitchFilter.m in Sources */,
				357B51C022E5DA240096BCB6 /* ViewController.m in Sources */,
				357B51CB22E5DA240096BCB6 /* main.m in Sources */,
				357B51BD22E5DA240096BCB6 /* AppDelegate.m in Sources */,
			);
			runOnlyForDeploymentPostprocessing = 0;
		};
		357B51CC22E5DA240096BCB6 /* Sources */ = {
			isa = PBXSourcesBuildPhase;
			buildActionMask = 2147483647;
			files = (
				357B51D522E5DA240096BCB6 /* myLookupTableTestTests.m in Sources */,
			);
			runOnlyForDeploymentPostprocessing = 0;
		};
		357B51D722E5DA240096BCB6 /* Sources */ = {
			isa = PBXSourcesBuildPhase;
			buildActionMask = 2147483647;
			files = (
				357B51E022E5DA240096BCB6 /* myLookupTableTestUITests.m in Sources */,
			);
			runOnlyForDeploymentPostprocessing = 0;
		};
/* End PBXSourcesBuildPhase section */

/* Begin PBXTargetDependency section */
		357B51D222E5DA240096BCB6 /* PBXTargetDependency */ = {
			isa = PBXTargetDependency;
			target = 357B51B722E5DA240096BCB6 /* myLookupTableTest */;
			targetProxy = 357B51D122E5DA240096BCB6 /* PBXContainerItemProxy */;
		};
		357B51DD22E5DA240096BCB6 /* PBXTargetDependency */ = {
			isa = PBXTargetDependency;
			target = 357B51B722E5DA240096BCB6 /* myLookupTableTest */;
			targetProxy = 357B51DC22E5DA240096BCB6 /* PBXContainerItemProxy */;
		};
/* End PBXTargetDependency section */

/* Begin PBXVariantGroup section */
		357B51C122E5DA240096BCB6 /* Main.storyboard */ = {
			isa = PBXVariantGroup;
			children = (
				357B51C222E5DA240096BCB6 /* Base */,
			);
			name = Main.storyboard;
			sourceTree = "<group>";
		};
		357B51C622E5DA240096BCB6 /* LaunchScreen.storyboard */ = {
			isa = PBXVariantGroup;
			children = (
				357B51C722E5DA240096BCB6 /* Base */,
			);
			name = LaunchScreen.storyboard;
			sourceTree = "<group>";
		};
/* End PBXVariantGroup section */

/* Begin XCBuildConfiguration section */
		357B51E222E5DA240096BCB6 /* Debug */ = {
			isa = XCBuildConfiguration;
			buildSettings = {
				ALWAYS_SEARCH_USER_PATHS = NO;
				CLANG_ANALYZER_NONNULL = YES;
				CLANG_ANALYZER_NUMBER_OBJECT_CONVERSION = YES_AGGRESSIVE;
				CLANG_CXX_LANGUAGE_STANDARD = "gnu++14";
				CLANG_CXX_LIBRARY = "libc++";
				CLANG_ENABLE_MODULES = YES;
				CLANG_ENABLE_OBJC_ARC = YES;
				CLANG_ENABLE_OBJC_WEAK = YES;
				CLANG_WARN_BLOCK_CAPTURE_AUTORELEASING = YES;
				CLANG_WARN_BOOL_CONVERSION = YES;
				CLANG_WARN_COMMA = YES;
				CLANG_WARN_CONSTANT_CONVERSION = YES;
				CLANG_WARN_DEPRECATED_OBJC_IMPLEMENTATIONS = YES;
				CLANG_WARN_DIRECT_OBJC_ISA_USAGE = YES_ERROR;
				CLANG_WARN_DOCUMENTATION_COMMENTS = YES;
				CLANG_WARN_EMPTY_BODY = YES;
				CLANG_WARN_ENUM_CONVERSION = YES;
				CLANG_WARN_INFINITE_RECURSION = YES;
				CLANG_WARN_INT_CONVERSION = YES;
				CLANG_WARN_NON_LITERAL_NULL_CONVERSION = YES;
				CLANG_WARN_OBJC_IMPLICIT_RETAIN_SELF = YES;
				CLANG_WARN_OBJC_LITERAL_CONVERSION = YES;
				CLANG_WARN_OBJC_ROOT_CLASS = YES_ERROR;
				CLANG_WARN_RANGE_LOOP_ANALYSIS = YES;
				CLANG_WARN_STRICT_PROTOTYPES = YES;
				CLANG_WARN_SUSPICIOUS_MOVE = YES;
				CLANG_WARN_UNGUARDED_AVAILABILITY = YES_AGGRESSIVE;
				CLANG_WARN_UNREACHABLE_CODE = YES;
				CLANG_WARN__DUPLICATE_METHOD_MATCH = YES;
				CODE_SIGN_IDENTITY = "iPhone Developer";
				COPY_PHASE_STRIP = NO;
				DEBUG_INFORMATION_FORMAT = dwarf;
				ENABLE_STRICT_OBJC_MSGSEND = YES;
				ENABLE_TESTABILITY = YES;
				GCC_C_LANGUAGE_STANDARD = gnu11;
				GCC_DYNAMIC_NO_PIC = NO;
				GCC_NO_COMMON_BLOCKS = YES;
				GCC_OPTIMIZATION_LEVEL = 0;
				GCC_PREPROCESSOR_DEFINITIONS = (
					"DEBUG=1",
					"$(inherited)",
				);
				GCC_WARN_64_TO_32_BIT_CONVERSION = YES;
				GCC_WARN_ABOUT_RETURN_TYPE = YES_ERROR;
				GCC_WARN_UNDECLARED_SELECTOR = YES;
				GCC_WARN_UNINITIALIZED_AUTOS = YES_AGGRESSIVE;
				GCC_WARN_UNUSED_FUNCTION = YES;
				GCC_WARN_UNUSED_VARIABLE = YES;
				IPHONEOS_DEPLOYMENT_TARGET = 12.1;
				MTL_ENABLE_DEBUG_INFO = INCLUDE_SOURCE;
				MTL_FAST_MATH = YES;
				ONLY_ACTIVE_ARCH = YES;
				SDKROOT = iphoneos;
			};
			name = Debug;
		};
		357B51E322E5DA240096BCB6 /* Release */ = {
			isa = XCBuildConfiguration;
			buildSettings = {
				ALWAYS_SEARCH_USER_PATHS = NO;
				CLANG_ANALYZER_NONNULL = YES;
				CLANG_ANALYZER_NUMBER_OBJECT_CONVERSION = YES_AGGRESSIVE;
				CLANG_CXX_LANGUAGE_STANDARD = "gnu++14";
				CLANG_CXX_LIBRARY = "libc++";
				CLANG_ENABLE_MODULES = YES;
				CLANG_ENABLE_OBJC_ARC = YES;
				CLANG_ENABLE_OBJC_WEAK = YES;
				CLANG_WARN_BLOCK_CAPTURE_AUTORELEASING = YES;
				CLANG_WARN_BOOL_CONVERSION = YES;
				CLANG_WARN_COMMA = YES;
				CLANG_WARN_CONSTANT_CONVERSION = YES;
				CLANG_WARN_DEPRECATED_OBJC_IMPLEMENTATIONS = YES;
				CLANG_WARN_DIRECT_OBJC_ISA_USAGE = YES_ERROR;
				CLANG_WARN_DOCUMENTATION_COMMENTS = YES;
				CLANG_WARN_EMPTY_BODY = YES;
				CLANG_WARN_ENUM_CONVERSION = YES;
				CLANG_WARN_INFINITE_RECURSION = YES;
				CLANG_WARN_INT_CONVERSION = YES;
				CLANG_WARN_NON_LITERAL_NULL_CONVERSION = YES;
				CLANG_WARN_OBJC_IMPLICIT_RETAIN_SELF = YES;
				CLANG_WARN_OBJC_LITERAL_CONVERSION = YES;
				CLANG_WARN_OBJC_ROOT_CLASS = YES_ERROR;
				CLANG_WARN_RANGE_LOOP_ANALYSIS = YES;
				CLANG_WARN_STRICT_PROTOTYPES = YES;
				CLANG_WARN_SUSPICIOUS_MOVE = YES;
				CLANG_WARN_UNGUARDED_AVAILABILITY = YES_AGGRESSIVE;
				CLANG_WARN_UNREACHABLE_CODE = YES;
				CLANG_WARN__DUPLICATE_METHOD_MATCH = YES;
				CODE_SIGN_IDENTITY = "iPhone Developer";
				COPY_PHASE_STRIP = NO;
				DEBUG_INFORMATION_FORMAT = "dwarf-with-dsym";
				ENABLE_NS_ASSERTIONS = NO;
				ENABLE_STRICT_OBJC_MSGSEND = YES;
				GCC_C_LANGUAGE_STANDARD = gnu11;
				GCC_NO_COMMON_BLOCKS = YES;
				GCC_WARN_64_TO_32_BIT_CONVERSION = YES;
				GCC_WARN_ABOUT_RETURN_TYPE = YES_ERROR;
				GCC_WARN_UNDECLARED_SELECTOR = YES;
				GCC_WARN_UNINITIALIZED_AUTOS = YES_AGGRESSIVE;
				GCC_WARN_UNUSED_FUNCTION = YES;
				GCC_WARN_UNUSED_VARIABLE = YES;
				IPHONEOS_DEPLOYMENT_TARGET = 12.1;
				MTL_ENABLE_DEBUG_INFO = NO;
				MTL_FAST_MATH = YES;
				SDKROOT = iphoneos;
				VALIDATE_PRODUCT = YES;
			};
			name = Release;
		};
		357B51E522E5DA240096BCB6 /* Debug */ = {
			isa = XCBuildConfiguration;
			baseConfigurationReference = 687C2D6ED7E01FA8F5DF3E20 /* Pods-myLookupTableTest.debug.xcconfig */;
			buildSettings = {
				ASSETCATALOG_COMPILER_APPICON_NAME = AppIcon;
				CODE_SIGN_STYLE = Automatic;
				DEVELOPMENT_TEAM = U3M38WK58L;
				INFOPLIST_FILE = myLookupTableTest/Info.plist;
				IPHONEOS_DEPLOYMENT_TARGET = 9.0;
				LD_RUNPATH_SEARCH_PATHS = (
					"$(inherited)",
					"@executable_path/Frameworks",
				);
				PRODUCT_BUNDLE_IDENTIFIER = com.dy.myLookupTableTest;
				PRODUCT_NAME = "$(TARGET_NAME)";
				TARGETED_DEVICE_FAMILY = "1,2";
			};
			name = Debug;
		};
		357B51E622E5DA240096BCB6 /* Release */ = {
			isa = XCBuildConfiguration;
			baseConfigurationReference = E1A7F57B6792D0E42AAAD452 /* Pods-myLookupTableTest.release.xcconfig */;
			buildSettings = {
				ASSETCATALOG_COMPILER_APPICON_NAME = AppIcon;
				CODE_SIGN_STYLE = Automatic;
				DEVELOPMENT_TEAM = U3M38WK58L;
				INFOPLIST_FILE = myLookupTableTest/Info.plist;
				IPHONEOS_DEPLOYMENT_TARGET = 9.0;
				LD_RUNPATH_SEARCH_PATHS = (
					"$(inherited)",
					"@executable_path/Frameworks",
				);
				PRODUCT_BUNDLE_IDENTIFIER = com.dy.myLookupTableTest;
				PRODUCT_NAME = "$(TARGET_NAME)";
				TARGETED_DEVICE_FAMILY = "1,2";
			};
			name = Release;
		};
		357B51E822E5DA240096BCB6 /* Debug */ = {
			isa = XCBuildConfiguration;
			buildSettings = {
				BUNDLE_LOADER = "$(TEST_HOST)";
				CODE_SIGN_STYLE = Automatic;
				INFOPLIST_FILE = myLookupTableTestTests/Info.plist;
				LD_RUNPATH_SEARCH_PATHS = (
					"$(inherited)",
					"@executable_path/Frameworks",
					"@loader_path/Frameworks",
				);
				PRODUCT_BUNDLE_IDENTIFIER = com.dy.myLookupTableTestTests;
				PRODUCT_NAME = "$(TARGET_NAME)";
				TARGETED_DEVICE_FAMILY = "1,2";
				TEST_HOST = "$(BUILT_PRODUCTS_DIR)/myLookupTableTest.app/myLookupTableTest";
			};
			name = Debug;
		};
		357B51E922E5DA240096BCB6 /* Release */ = {
			isa = XCBuildConfiguration;
			buildSettings = {
				BUNDLE_LOADER = "$(TEST_HOST)";
				CODE_SIGN_STYLE = Automatic;
				INFOPLIST_FILE = myLookupTableTestTests/Info.plist;
				LD_RUNPATH_SEARCH_PATHS = (
					"$(inherited)",
					"@executable_path/Frameworks",
					"@loader_path/Frameworks",
				);
				PRODUCT_BUNDLE_IDENTIFIER = com.dy.myLookupTableTestTests;
				PRODUCT_NAME = "$(TARGET_NAME)";
				TARGETED_DEVICE_FAMILY = "1,2";
				TEST_HOST = "$(BUILT_PRODUCTS_DIR)/myLookupTableTest.app/myLookupTableTest";
			};
			name = Release;
		};
		357B51EB22E5DA240096BCB6 /* Debug */ = {
			isa = XCBuildConfiguration;
			buildSettings = {
				CODE_SIGN_STYLE = Automatic;
				INFOPLIST_FILE = myLookupTableTestUITests/Info.plist;
				LD_RUNPATH_SEARCH_PATHS = (
					"$(inherited)",
					"@executable_path/Frameworks",
					"@loader_path/Frameworks",
				);
				PRODUCT_BUNDLE_IDENTIFIER = com.dy.myLookupTableTestUITests;
				PRODUCT_NAME = "$(TARGET_NAME)";
				TARGETED_DEVICE_FAMILY = "1,2";
				TEST_TARGET_NAME = myLookupTableTest;
			};
			name = Debug;
		};
		357B51EC22E5DA240096BCB6 /* Release */ = {
			isa = XCBuildConfiguration;
			buildSettings = {
				CODE_SIGN_STYLE = Automatic;
				INFOPLIST_FILE = myLookupTableTestUITests/Info.plist;
				LD_RUNPATH_SEARCH_PATHS = (
					"$(inherited)",
					"@executable_path/Frameworks",
					"@loader_path/Frameworks",
				);
				PRODUCT_BUNDLE_IDENTIFIER = com.dy.myLookupTableTestUITests;
				PRODUCT_NAME = "$(TARGET_NAME)";
				TARGETED_DEVICE_FAMILY = "1,2";
				TEST_TARGET_NAME = myLookupTableTest;
			};
			name = Release;
		};
/* End XCBuildConfiguration section */

/* Begin XCConfigurationList section */
		357B51B322E5DA240096BCB6 /* Build configuration list for PBXProject "myLookupTableTest" */ = {
			isa = XCConfigurationList;
			buildConfigurations = (
				357B51E222E5DA240096BCB6 /* Debug */,
				357B51E322E5DA240096BCB6 /* Release */,
			);
			defaultConfigurationIsVisible = 0;
			defaultConfigurationName = Release;
		};
		357B51E422E5DA240096BCB6 /* Build configuration list for PBXNativeTarget "myLookupTableTest" */ = {
			isa = XCConfigurationList;
			buildConfigurations = (
				357B51E522E5DA240096BCB6 /* Debug */,
				357B51E622E5DA240096BCB6 /* Release */,
			);
			defaultConfigurationIsVisible = 0;
			defaultConfigurationName = Release;
		};
		357B51E722E5DA240096BCB6 /* Build configuration list for PBXNativeTarget "myLookupTableTestTests" */ = {
			isa = XCConfigurationList;
			buildConfigurations = (
				357B51E822E5DA240096BCB6 /* Debug */,
				357B51E922E5DA240096BCB6 /* Release */,
			);
			defaultConfigurationIsVisible = 0;
			defaultConfigurationName = Release;
		};
		357B51EA22E5DA240096BCB6 /* Build configuration list for PBXNativeTarget "myLookupTableTestUITests" */ = {
			isa = XCConfigurationList;
			buildConfigurations = (
				357B51EB22E5DA240096BCB6 /* Debug */,
				357B51EC22E5DA240096BCB6 /* Release */,
			);
			defaultConfigurationIsVisible = 0;
			defaultConfigurationName = Release;
		};
/* End XCConfigurationList section */
	};
	rootObject = 357B51B022E5DA240096BCB6 /* Project object */;
}
